
Microsoft Visual Studio Solution File, Format Version 12.00
# Visual Studio Version 16
VisualStudioVersion = 16.0.30104.148
MinimumVisualStudioVersion = 10.0.40219.1
Project("{9A19103F-16F7-4668-BE54-9A1E7A4F7556}") = "Neurophotometrics", "Neurophotometrics\Neurophotometrics.csproj", "{0A9CF6F7-BD68-41C6-AFD3-504A3E6FA865}"
EndProject
Project("{9A19103F-16F7-4668-BE54-9A1E7A4F7556}") = "Neurophotometrics.Design", "Neurophotometrics.Design\Neurophotometrics.Design.csproj", "{B4E2ABFB-D5D9-40AF-9894-78CB4DD759F9}"
EndProject
Project("{2150E333-8FDC-42A3-9474-1A3956D46DE8}") = "Solution Items", "Solution Items", "{D2C13F57-570A-4E1B-8C8A-CB2ED36C6AFE}"
	ProjectSection(SolutionItems) = preProject
		.editorconfig = .editorconfig
		Directory.Build.props = Directory.Build.props
	EndProjectSection
EndProject
Global
	GlobalSection(SolutionConfigurationPlatforms) = preSolution
		Debug|Any CPU = Debug|Any CPU
		Release|Any CPU = Release|Any CPU
	EndGlobalSection
	GlobalSection(ProjectConfigurationPlatforms) = postSolution
		{0A9CF6F7-BD68-41C6-AFD3-504A3E6FA865}.Debug|Any CPU.ActiveCfg = Debug|Any CPU
		{0A9CF6F7-BD68-41C6-AFD3-504A3E6FA865}.Debug|Any CPU.Build.0 = Debug|Any CPU
		{0A9CF6F7-BD68-41C6-AFD3-504A3E6FA865}.Release|Any CPU.ActiveCfg = Release|Any CPU
		{0A9CF6F7-BD68-41C6-AFD3-504A3E6FA865}.Release|Any CPU.Build.0 = Release|Any CPU
		{B4E2ABFB-D5D9-40AF-9894-78CB4DD759F9}.Debug|Any CPU.ActiveCfg = Debug|Any CPU
		{B4E2ABFB-D5D9-40AF-9894-78CB4DD759F9}.Debug|Any CPU.Build.0 = Debug|Any CPU
		{B4E2ABFB-D5D9-40AF-9894-78CB4DD759F9}.Release|Any CPU.ActiveCfg = Release|Any CPU
		{B4E2ABFB-D5D9-40AF-9894-78CB4DD759F9}.Release|Any CPU.Build.0 = Release|Any CPU
	EndGlobalSection
	GlobalSection(SolutionProperties) = preSolution
		HideSolutionNode = FALSE
	EndGlobalSection
	GlobalSection(ExtensibilityGlobals) = postSolution
		SolutionGuid = {A35F3E61-B2F5-4070-A929-E325F3012ABF}
	EndGlobalSection
EndGlobal
